
Microsoft Visual Studio Solution File, Format Version 12.00
# Visual Studio Version 16
VisualStudioVersion = 16.0.29920.165
MinimumVisualStudioVersion = 10.0.40219.1
Project("{8BC9CEB8-8B4A-11D0-8D11-00A0C91BC942}") = "Firstapp", "Firstapp\Firstapp.vcxproj", "{C8266DD2-54C3-43BD-92DD-33E722EC898F}"
EndProject
Global
	GlobalSection(SolutionConfigurationPlatforms) = preSolution
		Debug|x64 = Debug|x64
		Debug|x86 = Debug|x86
		Release|x64 = Release|x64
		Release|x86 = Release|x86
	EndGlobalSection
	GlobalSection(ProjectConfigurationPlatforms) = postSolution
		{C8266DD2-54C3-43BD-92DD-33E722EC898F}.Debug|x64.ActiveCfg = Debug|x64
		{C8266DD2-54C3-43BD-92DD-33E722EC898F}.Debug|x64.Build.0 = Debug|x64
		{C8266DD2-54C3-43BD-92DD-33E722EC898F}.Debug|x86.ActiveCfg = Debug|Win32
		{C8266DD2-54C3-43BD-92DD-33E722EC898F}.Debug|x86.Build.0 = Debug|Win32
		{C8266DD2-54C3-43BD-92DD-33E722EC898F}.Release|x64.ActiveCfg = Release|x64
		{C8266DD2-54C3-43BD-92DD-33E722EC898F}.Release|x64.Build.0 = Release|x64
		{C8266DD2-54C3-43BD-92DD-33E722EC898F}.Release|x86.ActiveCfg = Release|Win32
		{C8266DD2-54C3-43BD-92DD-33E722EC898F}.Release|x86.Build.0 = Release|Win32
	EndGlobalSection
	GlobalSection(SolutionProperties) = preSolution
		HideSolutionNode = FALSE
	EndGlobalSection
	GlobalSection(ExtensibilityGlobals) = postSolution
		SolutionGuid = {D44B3BDB-0F90-4CAB-8DFB-78170201EF9F}
	EndGlobalSection
EndGlobal
